
Microsoft Visual Studio Solution File, Format Version 12.00
# Visual Studio Version 16
VisualStudioVersion = 16.0.30114.105
MinimumVisualStudioVersion = 10.0.40219.1
Project("{FAE04EC0-301F-11D3-BF4B-00C04F79EFBC}") = "ModelBinding.MVC", "ModelBinding.MVC\ModelBinding.MVC.csproj", "{093D7207-79F8-44AA-8C5A-22B150ACDCA0}"
EndProject
Global
	GlobalSection(SolutionConfigurationPlatforms) = preSolution
		Debug|Any CPU = Debug|Any CPU
		Release|Any CPU = Release|Any CPU
	EndGlobalSection
	GlobalSection(ProjectConfigurationPlatforms) = postSolution
		{093D7207-79F8-44AA-8C5A-22B150ACDCA0}.Debug|Any CPU.ActiveCfg = Debug|Any CPU
		{093D7207-79F8-44AA-8C5A-22B150ACDCA0}.Debug|Any CPU.Build.0 = Debug|Any CPU
		{093D7207-79F8-44AA-8C5A-22B150ACDCA0}.Release|Any CPU.ActiveCfg = Release|Any CPU
		{093D7207-79F8-44AA-8C5A-22B150ACDCA0}.Release|Any CPU.Build.0 = Release|Any CPU
	EndGlobalSection
	GlobalSection(SolutionProperties) = preSolution
		HideSolutionNode = FALSE
	EndGlobalSection
	GlobalSection(ExtensibilityGlobals) = postSolution
		SolutionGuid = {149866C5-CD22-4D3A-AFDF-3A320999B3E1}
	EndGlobalSection
EndGlobal
